
Microsoft Visual Studio Solution File, Format Version 12.00
Project("{FAE04EC0-301F-11D3-BF4B-00C04F79EFBC}") = "AdventRunner", "AdventRunner\AdventRunner.csproj", "{AAA0DC82-D28D-4E05-AAF8-D96DE8191AE2}"
EndProject
Global
	GlobalSection(SolutionConfigurationPlatforms) = preSolution
		Debug|Any CPU = Debug|Any CPU
		Release|Any CPU = Release|Any CPU
	EndGlobalSection
	GlobalSection(ProjectConfigurationPlatforms) = postSolution
		{AAA0DC82-D28D-4E05-AAF8-D96DE8191AE2}.Debug|Any CPU.ActiveCfg = Debug|Any CPU
		{AAA0DC82-D28D-4E05-AAF8-D96DE8191AE2}.Debug|Any CPU.Build.0 = Debug|Any CPU
		{AAA0DC82-D28D-4E05-AAF8-D96DE8191AE2}.Release|Any CPU.ActiveCfg = Release|Any CPU
		{AAA0DC82-D28D-4E05-AAF8-D96DE8191AE2}.Release|Any CPU.Build.0 = Release|Any CPU
	EndGlobalSection
EndGlobal
